
Microsoft Visual Studio Solution File, Format Version 12.00
# Visual Studio Version 16
VisualStudioVersion = 16.0.31105.61
MinimumVisualStudioVersion = 10.0.40219.1
Project("{FAE04EC0-301F-11D3-BF4B-00C04F79EFBC}") = "WorkWithBasePoint", "WorkWithBasePoint\WorkWithBasePoint.csproj", "{2A525CD7-A0D5-4122-80F3-BEB0116DCEFE}"
EndProject
Global
	GlobalSection(SolutionConfigurationPlatforms) = preSolution
		Debug|Any CPU = Debug|Any CPU
		Release|Any CPU = Release|Any CPU
	EndGlobalSection
	GlobalSection(ProjectConfigurationPlatforms) = postSolution
		{2A525CD7-A0D5-4122-80F3-BEB0116DCEFE}.Debug|Any CPU.ActiveCfg = Debug|Any CPU
		{2A525CD7-A0D5-4122-80F3-BEB0116DCEFE}.Debug|Any CPU.Build.0 = Debug|Any CPU
		{2A525CD7-A0D5-4122-80F3-BEB0116DCEFE}.Release|Any CPU.ActiveCfg = Release|Any CPU
		{2A525CD7-A0D5-4122-80F3-BEB0116DCEFE}.Release|Any CPU.Build.0 = Release|Any CPU
	EndGlobalSection
	GlobalSection(SolutionProperties) = preSolution
		HideSolutionNode = FALSE
	EndGlobalSection
	GlobalSection(ExtensibilityGlobals) = postSolution
		SolutionGuid = {7163F6B1-9E7A-4C73-B043-4DD3627B5B28}
	EndGlobalSection
EndGlobal
